
Microsoft Visual Studio Solution File, Format Version 12.00
# Visual Studio 15
VisualStudioVersion = 15.0.26228.4
MinimumVisualStudioVersion = 10.0.40219.1
Project("{FAE04EC0-301F-11D3-BF4B-00C04F79EFBC}") = "DGBLSocketDllDemo", "DGBLSocketDllDemo\DGBLSocketDllDemo.csproj", "{7977F59C-240D-4F9D-B5C0-3D8AE3DA2ADA}"
EndProject
Global
	GlobalSection(SolutionConfigurationPlatforms) = preSolution
		Debug|Any CPU = Debug|Any CPU
		Release|Any CPU = Release|Any CPU
	EndGlobalSection
	GlobalSection(ProjectConfigurationPlatforms) = postSolution
		{7977F59C-240D-4F9D-B5C0-3D8AE3DA2ADA}.Debug|Any CPU.ActiveCfg = Debug|Any CPU
		{7977F59C-240D-4F9D-B5C0-3D8AE3DA2ADA}.Debug|Any CPU.Build.0 = Debug|Any CPU
		{7977F59C-240D-4F9D-B5C0-3D8AE3DA2ADA}.Release|Any CPU.ActiveCfg = Release|Any CPU
		{7977F59C-240D-4F9D-B5C0-3D8AE3DA2ADA}.Release|Any CPU.Build.0 = Release|Any CPU
	EndGlobalSection
	GlobalSection(SolutionProperties) = preSolution
		HideSolutionNode = FALSE
	EndGlobalSection
EndGlobal
